{
  "version": 4,
  "terraform_version": "1.1.9",
  "serial": 1346,
  "lineage": "67d91e99-8243-ec73-00f1-b28128d12a2c",
  "outputs": {},
  "resources": [
    {
      "module": "module.ec2",
      "mode": "data",
      "type": "aws_ami",
      "name": "my_custom_aws_ami",
      "provider": "provider[\"registry.terraform.io/hashicorp/aws\"]",
      "instances": [
        {
          "schema_version": 0,
          "attributes": {
            "architecture": "x86_64",
            "arn": "arn:aws:ec2:ap-south-1::image/ami-084698eb42893b684",
            "block_device_mappings": [
              {
                "device_name": "/dev/xvda",
                "ebs": {
                  "delete_on_termination": "true",
                  "encrypted": "false",
                  "iops": "0",
                  "snapshot_id": "snap-07383eaadcfd52579",
                  "throughput": "0",
                  "volume_size": "8",
                  "volume_type": "gp2"
                },
                "no_device": "",
                "virtual_name": ""
              }
            ],
            "boot_mode": "",
            "creation_date": "2022-05-15T17:57:08.000Z",
            "deprecation_time": "",
            "description": "Generate random .txt",
            "ena_support": true,
            "executable_users": null,
            "filter": [
              {
                "name": "tag:Id",
                "values": [
                  "1"
                ]
              },
              {
                "name": "tag:Name",
                "values": [
                  "my_custom_ami"
                ]
              }
            ],
            "hypervisor": "xen",
            "id": "ami-084698eb42893b684",
            "image_id": "ami-084698eb42893b684",
            "image_location": "005732580420/My_custom_AMI",
            "image_owner_alias": "",
            "image_type": "machine",
            "kernel_id": "",
            "most_recent": false,
            "name": "My_custom_AMI",
            "name_regex": null,
            "owner_id": "005732580420",
            "owners": [
              "self"
            ],
            "platform": "",
            "platform_details": "Linux/UNIX",
            "product_codes": [],
            "public": false,
            "ramdisk_id": "",
            "root_device_name": "/dev/xvda",
            "root_device_type": "ebs",
            "root_snapshot_id": "snap-07383eaadcfd52579",
            "sriov_net_support": "simple",
            "state": "available",
            "state_reason": {
              "code": "UNSET",
              "message": "UNSET"
            },
            "tags": {
              "Id": "1",
              "Name": "my_custom_ami"
            },
            "usage_operation": "RunInstances",
            "virtualization_type": "hvm"
          },
          "sensitive_attributes": []
        }
      ]
    },
    {
      "module": "module.ec2",
      "mode": "managed",
      "type": "aws_instance",
      "name": "ec2_test_3",
      "provider": "provider[\"registry.terraform.io/hashicorp/aws\"]",
      "instances": [
        {
          "schema_version": 1,
          "attributes": {
            "ami": "ami-084698eb42893b684",
            "arn": "arn:aws:ec2:ap-south-1:005732580420:instance/i-0c86a89185529f5df",
            "associate_public_ip_address": true,
            "availability_zone": "ap-south-1a",
            "capacity_reservation_specification": [
              {
                "capacity_reservation_preference": "open",
                "capacity_reservation_target": []
              }
            ],
            "cpu_core_count": 1,
            "cpu_threads_per_core": 1,
            "credit_specification": [
              {
                "cpu_credits": "standard"
              }
            ],
            "disable_api_termination": false,
            "ebs_block_device": [],
            "ebs_optimized": false,
            "enclave_options": [
              {
                "enabled": false
              }
            ],
            "ephemeral_block_device": [],
            "get_password_data": false,
            "hibernation": false,
            "host_id": null,
            "iam_instance_profile": "EC2_TEST_PROFILE",
            "id": "i-0c86a89185529f5df",
            "instance_initiated_shutdown_behavior": "stop",
            "instance_state": "running",
            "instance_type": "t2.micro",
            "ipv6_address_count": 0,
            "ipv6_addresses": [],
            "key_name": "terraform_test_key",
            "launch_template": [],
            "maintenance_options": [
              {
                "auto_recovery": "default"
              }
            ],
            "metadata_options": [
              {
                "http_endpoint": "enabled",
                "http_put_response_hop_limit": 1,
                "http_tokens": "optional",
                "instance_metadata_tags": "disabled"
              }
            ],
            "monitoring": false,
            "network_interface": [],
            "outpost_arn": "",
            "password_data": "",
            "placement_group": "",
            "placement_partition_number": null,
            "primary_network_interface_id": "eni-0fb2bbb477701b208",
            "private_dns": "ip-172-31-44-136.ap-south-1.compute.internal",
            "private_ip": "172.31.44.136",
            "public_dns": "ec2-3-110-62-235.ap-south-1.compute.amazonaws.com",
            "public_ip": "3.110.62.235",
            "root_block_device": [
              {
                "delete_on_termination": true,
                "device_name": "/dev/xvda",
                "encrypted": false,
                "iops": 100,
                "kms_key_id": "",
                "tags": {},
                "throughput": 0,
                "volume_id": "vol-00caad838b678a3f4",
                "volume_size": 8,
                "volume_type": "gp2"
              }
            ],
            "secondary_private_ips": [],
            "security_groups": [
              "terraform-20220522091125456500000001"
            ],
            "source_dest_check": true,
            "subnet_id": "subnet-09e8f59024c919239",
            "tags": {
              "Name": "EC2-TEST-III"
            },
            "tags_all": {
              "Name": "EC2-TEST-III"
            },
            "tenancy": "default",
            "timeouts": null,
            "user_data": null,
            "user_data_base64": null,
            "user_data_replace_on_change": false,
            "volume_tags": null,
            "vpc_security_group_ids": [
              "sg-0a326bc00b53166ce"
            ]
          },
          "sensitive_attributes": [],
          "private": "eyJlMmJmYjczMC1lY2FhLTExZTYtOGY4OC0zNDM2M2JjN2M0YzAiOnsiY3JlYXRlIjo2MDAwMDAwMDAwMDAsImRlbGV0ZSI6MTIwMDAwMDAwMDAwMCwidXBkYXRlIjo2MDAwMDAwMDAwMDB9LCJzY2hlbWFfdmVyc2lvbiI6IjEifQ==",
          "dependencies": [
            "module.ec2.aws_security_group.my_security_grp",
            "module.ec2.data.aws_ami.my_custom_aws_ami",
            "module.iam.aws_iam_instance_profile.my_ec2_profile",
            "module.iam.aws_iam_role.EC2_instance_test_role",
            "module.key-pair.aws_key_pair.terraform_key",
            "module.key-pair.tls_private_key.terraform_private_key",
            "module.s3.aws_s3_bucket.my_terra_test_landing"
          ]
        }
      ]
    },
    {
      "module": "module.ec2",
      "mode": "managed",
      "type": "aws_security_group",
      "name": "my_security_grp",
      "provider": "provider[\"registry.terraform.io/hashicorp/aws\"]",
      "instances": [
        {
          "schema_version": 1,
          "attributes": {
            "arn": "arn:aws:ec2:ap-south-1:005732580420:security-group/sg-0a326bc00b53166ce",
            "description": "Managed by Terraform",
            "egress": [
              {
                "cidr_blocks": [
                  "0.0.0.0/0"
                ],
                "description": "",
                "from_port": 0,
                "ipv6_cidr_blocks": [
                  "::/0"
                ],
                "prefix_list_ids": [],
                "protocol": "-1",
                "security_groups": [],
                "self": false,
                "to_port": 0
              }
            ],
            "id": "sg-0a326bc00b53166ce",
            "ingress": [
              {
                "cidr_blocks": [
                  "0.0.0.0/0"
                ],
                "description": "",
                "from_port": 22,
                "ipv6_cidr_blocks": [
                  "::/0"
                ],
                "prefix_list_ids": [],
                "protocol": "tcp",
                "security_groups": [],
                "self": false,
                "to_port": 22
              }
            ],
            "name": "terraform-20220522091125456500000001",
            "name_prefix": "terraform-",
            "owner_id": "005732580420",
            "revoke_rules_on_delete": false,
            "tags": null,
            "tags_all": {},
            "timeouts": null,
            "vpc_id": "vpc-0f9396dfbd8a3246a"
          },
          "sensitive_attributes": [],
          "private": "eyJlMmJmYjczMC1lY2FhLTExZTYtOGY4OC0zNDM2M2JjN2M0YzAiOnsiY3JlYXRlIjo2MDAwMDAwMDAwMDAsImRlbGV0ZSI6OTAwMDAwMDAwMDAwfSwic2NoZW1hX3ZlcnNpb24iOiIxIn0="
        }
      ]
    },
    {
      "module": "module.iam",
      "mode": "managed",
      "type": "aws_iam_instance_profile",
      "name": "my_ec2_profile",
      "provider": "provider[\"registry.terraform.io/hashicorp/aws\"]",
      "instances": [
        {
          "schema_version": 0,
          "attributes": {
            "arn": "arn:aws:iam::005732580420:instance-profile/EC2_TEST_PROFILE",
            "create_date": "2022-05-22T09:11:28Z",
            "id": "EC2_TEST_PROFILE",
            "name": "EC2_TEST_PROFILE",
            "name_prefix": null,
            "path": "/",
            "role": "EC2_insstance_test_role",
            "tags": null,
            "tags_all": {},
            "unique_id": "AIPAQCVNQHRCAGY2ZFBXB"
          },
          "sensitive_attributes": [],
          "private": "bnVsbA==",
          "dependencies": [
            "module.iam.aws_iam_role.EC2_instance_test_role"
          ]
        }
      ]
    },
    {
      "module": "module.iam",
      "mode": "managed",
      "type": "aws_iam_policy",
      "name": "EC2_instance_test_policy",
      "provider": "provider[\"registry.terraform.io/hashicorp/aws\"]",
      "instances": [
        {
          "schema_version": 0,
          "attributes": {
            "arn": "arn:aws:iam::005732580420:policy/EC2_instance_test_policy",
            "description": "",
            "id": "arn:aws:iam::005732580420:policy/EC2_instance_test_policy",
            "name": "EC2_instance_test_policy",
            "name_prefix": null,
            "path": "/",
            "policy": "{\"Statement\":[{\"Action\":[\"s3:*\",\"s3-object-lambda:*\"],\"Effect\":\"Allow\",\"Resource\":\"*\"}],\"Version\":\"2012-10-17\"}",
            "policy_id": "ANPAQCVNQHRCO6Q66VKP3",
            "tags": null,
            "tags_all": {}
          },
          "sensitive_attributes": [],
          "private": "bnVsbA=="
        }
      ]
    },
    {
      "module": "module.iam",
      "mode": "managed",
      "type": "aws_iam_policy",
      "name": "lambda_test_policy",
      "provider": "provider[\"registry.terraform.io/hashicorp/aws\"]",
      "instances": [
        {
          "schema_version": 0,
          "attributes": {
            "arn": "arn:aws:iam::005732580420:policy/my_terra_lambda_policy",
            "description": "",
            "id": "arn:aws:iam::005732580420:policy/my_terra_lambda_policy",
            "name": "my_terra_lambda_policy",
            "name_prefix": null,
            "path": "/",
            "policy": "{\"Statement\":[{\"Action\":[\"s3:*\",\"s3-object-lambda:*\"],\"Effect\":\"Allow\",\"Resource\":\"*\"},{\"Action\":[\"logs:CreateLogGroup\",\"logs:CreateLogStream\",\"logs:PutLogEvents\"],\"Effect\":\"Allow\",\"Resource\":\"arn:aws:logs:*:*:*\"}],\"Version\":\"2012-10-17\"}",
            "policy_id": "ANPAQCVNQHRCNTCAD652O",
            "tags": null,
            "tags_all": {}
          },
          "sensitive_attributes": [],
          "private": "bnVsbA=="
        }
      ]
    },
    {
      "module": "module.iam",
      "mode": "managed",
      "type": "aws_iam_role",
      "name": "EC2_instance_test_role",
      "provider": "provider[\"registry.terraform.io/hashicorp/aws\"]",
      "instances": [
        {
          "schema_version": 0,
          "attributes": {
            "arn": "arn:aws:iam::005732580420:role/EC2_insstance_test_role",
            "assume_role_policy": "{\"Version\":\"2012-10-17\",\"Statement\":[{\"Effect\":\"Allow\",\"Principal\":{\"Service\":\"ec2.amazonaws.com\"},\"Action\":\"sts:AssumeRole\"}]}",
            "create_date": "2022-05-22T09:11:26Z",
            "description": "",
            "force_detach_policies": false,
            "id": "EC2_insstance_test_role",
            "inline_policy": [
              {
                "name": "",
                "policy": ""
              }
            ],
            "managed_policy_arns": [],
            "max_session_duration": 3600,
            "name": "EC2_insstance_test_role",
            "name_prefix": "",
            "path": "/",
            "permissions_boundary": null,
            "tags": null,
            "tags_all": {},
            "unique_id": "AROAQCVNQHRCNE4FXIF2R"
          },
          "sensitive_attributes": [],
          "private": "bnVsbA=="
        }
      ]
    },
    {
      "module": "module.iam",
      "mode": "managed",
      "type": "aws_iam_role",
      "name": "lambda_test_role",
      "provider": "provider[\"registry.terraform.io/hashicorp/aws\"]",
      "instances": [
        {
          "schema_version": 0,
          "attributes": {
            "arn": "arn:aws:iam::005732580420:role/my_terra_lambda_role",
            "assume_role_policy": "{\"Version\":\"2012-10-17\",\"Statement\":[{\"Effect\":\"Allow\",\"Principal\":{\"Service\":\"lambda.amazonaws.com\"},\"Action\":\"sts:AssumeRole\"}]}",
            "create_date": "2022-05-22T09:11:26Z",
            "description": "",
            "force_detach_policies": false,
            "id": "my_terra_lambda_role",
            "inline_policy": [
              {
                "name": "",
                "policy": ""
              }
            ],
            "managed_policy_arns": [],
            "max_session_duration": 3600,
            "name": "my_terra_lambda_role",
            "name_prefix": "",
            "path": "/",
            "permissions_boundary": null,
            "tags": null,
            "tags_all": {},
            "unique_id": "AROAQCVNQHRCCRIX2YB7Y"
          },
          "sensitive_attributes": [],
          "private": "bnVsbA=="
        }
      ]
    },
    {
      "module": "module.iam",
      "mode": "managed",
      "type": "aws_iam_role_policy_attachment",
      "name": "EC2_instance_test_role_policy",
      "provider": "provider[\"registry.terraform.io/hashicorp/aws\"]",
      "instances": [
        {
          "schema_version": 0,
          "attributes": {
            "id": "EC2_insstance_test_role-20220522091128035100000002",
            "policy_arn": "arn:aws:iam::005732580420:policy/EC2_instance_test_policy",
            "role": "EC2_insstance_test_role"
          },
          "sensitive_attributes": [],
          "private": "bnVsbA==",
          "dependencies": [
            "module.iam.aws_iam_policy.EC2_instance_test_policy",
            "module.iam.aws_iam_role.EC2_instance_test_role"
          ]
        }
      ]
    },
    {
      "module": "module.iam",
      "mode": "managed",
      "type": "aws_iam_role_policy_attachment",
      "name": "lambda_test_role_policy",
      "provider": "provider[\"registry.terraform.io/hashicorp/aws\"]",
      "instances": [
        {
          "schema_version": 0,
          "attributes": {
            "id": "my_terra_lambda_role-20220522091128107700000003",
            "policy_arn": "arn:aws:iam::005732580420:policy/my_terra_lambda_policy",
            "role": "my_terra_lambda_role"
          },
          "sensitive_attributes": [],
          "private": "bnVsbA==",
          "dependencies": [
            "module.iam.aws_iam_policy.lambda_test_policy",
            "module.iam.aws_iam_role.lambda_test_role"
          ]
        }
      ]
    },
    {
      "module": "module.key-pair",
      "mode": "managed",
      "type": "aws_key_pair",
      "name": "terraform_key",
      "provider": "provider[\"registry.terraform.io/hashicorp/aws\"]",
      "instances": [
        {
          "schema_version": 1,
          "attributes": {
            "arn": "arn:aws:ec2:ap-south-1:005732580420:key-pair/terraform_test_key",
            "fingerprint": "e5:05:e5:dd:ef:77:4f:b5:29:ec:ac:c4:f8:44:36:43",
            "id": "terraform_test_key",
            "key_name": "terraform_test_key",
            "key_name_prefix": "",
            "key_pair_id": "key-066356942e366742d",
            "public_key": "ssh-rsa AAAAB3NzaC1yc2EAAAADAQABAAACAQCyG5y/XoLLFrn654H6kUGUkL+Nt6xhC4Woo5vrqF3cXTd/XG6K2+AtUTA247kyQKqhg90QPajrMU6fZYWZ1/VkB37qQum6sSP/zgbKrRQ0u7gibwMfBSTx4/FNyBBQR3GiivStMMlsLhR2KI5RCht89wSJwWgCfAzL6Lem9ytUegta/v8U8farcs1QybQyCox4Y7MZdoClPH8sIHNaTE59VFgy8rxVPiMl24N2PWjhK7M0PInoS/4kFVdI2nJ4BPM1Ws1S4aeOWR1Sv5nJ7TcvGsgpq3FYNdSGkeWXBE7y6Gj43l0Q5xyPMJcKoYSPOg8zPHF/dhj+UUOjlgrFAPPmjtvXvunjSFCfFyxlfUFsDECKedNV5ftmKLM2nFXHpACrjCmsM+FTLBel5xGBZzzbtEVBdplkcyV/Qj3G8YLdzuBtcB4gOl51HPxxoIq9YE1O9jpenTR306VczCstkRyzQSSOB3lB/K8FE/A3UbRvCeaMKF9ZNmEFlYhaRZa8ZaI6wMaPMTWtaO7/MJnFfCGJKPkmNWpc5uUlkN3CS6YurvjXGz8X4MDHL6nI/1b2kf+069HCi98aPiNZ/GD3Bgp89l/MVrfqrV1DX7tvj8oEtnRWvOqqKEMKk5lss/u34xZ88tfqG2iBXTtDSs/dDfYM9L4C9eV6Z007qoi273ePRQ==",
            "tags": null,
            "tags_all": {}
          },
          "sensitive_attributes": [],
          "private": "eyJzY2hlbWFfdmVyc2lvbiI6IjEifQ==",
          "dependencies": [
            "module.key-pair.tls_private_key.terraform_private_key"
          ]
        }
      ]
    },
    {
      "module": "module.key-pair",
      "mode": "managed",
      "type": "local_file",
      "name": "terraform_private_key",
      "provider": "provider[\"registry.terraform.io/hashicorp/local\"]",
      "instances": [
        {
          "schema_version": 0,
          "attributes": {
            "content": "-----BEGIN OPENSSH PRIVATE KEY-----\nb3BlbnNzaC1rZXktdjEAAAAABG5vbmUAAAAEbm9uZQAAAAAAAAABAAACFwAAAAdz\nc2gtcnNhAAAAAwEAAQAAAgEAshucv16Cyxa5+ueB+pFBlJC/jbesYQuFqKOb66hd\n3F03f1xuitvgLVEwNuO5MkCqoYPdED2o6zFOn2WFmdf1ZAd+6kLpurEj/84Gyq0U\nNLu4Im8DHwUk8ePxTcgQUEdxoor0rTDJbC4UdiiOUQobfPcEicFoAnwMy+i3pvcr\nVHoLWv7/FPH2q3LNUMm0MgqMeGOzGXaApTx/LCBzWkxOfVRYMvK8VT4jJduDdj1o\n4SuzNDyJ6Ev+JBVXSNpyeATzNVrNUuGnjlkdUr+Zye03LxrIKatxWDXUhpHllwRO\n8uho+N5dEOccjzCXCqGEjzoPMzxxf3YY/lFDo5YKxQDz5o7b177p40hQnxcsZX1B\nbAxAinnTVeX7ZiizNpxVx6QAq4wprDPhUywXpecRgWc827RFQXaZZHMlf0I9xvGC\n3c7gbXAeIDpedRz8caCKvWBNTvY6Xp00d9OlXMwrLZEcs0Ekjgd5QfyvBRPwN1G0\nbwnmjChfWTZhBZWIWkWWvGWiOsDGjzE1rWju/zCZxXwhiSj5JjVqXOblJZDdwkum\nLq741xs/F+DAxy+pyP9W9pH/tOvRwovfGj4jWfxg9wYKfPZfzFa36q1dQ1+7b4/K\nBLZ0VrzqqihDCpOZbLP7t+MWfPLX6htogV07Q0rP3Q32DPS+AvXlemdNO6qItu93\nj0UAAAc4hLys/IS8rPwAAAAHc3NoLXJzYQAAAgEAshucv16Cyxa5+ueB+pFBlJC/\njbesYQuFqKOb66hd3F03f1xuitvgLVEwNuO5MkCqoYPdED2o6zFOn2WFmdf1ZAd+\n6kLpurEj/84Gyq0UNLu4Im8DHwUk8ePxTcgQUEdxoor0rTDJbC4UdiiOUQobfPcE\nicFoAnwMy+i3pvcrVHoLWv7/FPH2q3LNUMm0MgqMeGOzGXaApTx/LCBzWkxOfVRY\nMvK8VT4jJduDdj1o4SuzNDyJ6Ev+JBVXSNpyeATzNVrNUuGnjlkdUr+Zye03LxrI\nKatxWDXUhpHllwRO8uho+N5dEOccjzCXCqGEjzoPMzxxf3YY/lFDo5YKxQDz5o7b\n177p40hQnxcsZX1BbAxAinnTVeX7ZiizNpxVx6QAq4wprDPhUywXpecRgWc827RF\nQXaZZHMlf0I9xvGC3c7gbXAeIDpedRz8caCKvWBNTvY6Xp00d9OlXMwrLZEcs0Ek\njgd5QfyvBRPwN1G0bwnmjChfWTZhBZWIWkWWvGWiOsDGjzE1rWju/zCZxXwhiSj5\nJjVqXOblJZDdwkumLq741xs/F+DAxy+pyP9W9pH/tOvRwovfGj4jWfxg9wYKfPZf\nzFa36q1dQ1+7b4/KBLZ0VrzqqihDCpOZbLP7t+MWfPLX6htogV07Q0rP3Q32DPS+\nAvXlemdNO6qItu93j0UAAAADAQABAAACACW6B5fZsybFp5toEnY68oM/rfOc5lyg\nDi3Miih+v3MAI9NMhvXO4Ut4GRhnYEEuxXX08oyQIwm+pgLJhGU0A3yuwclpZwzu\nnMuAnpur0c3hvX09upGFi2/ZcrGhISOAHqfpey58WQ4bLKZirNKpq2zq/gEYAKoW\nELfYkZ5CWOFKAMHDpdCP+EoUxTzJnOvEpECUDcnk+hcGG4IDVavY4f9WMGCKXi5I\nPTW1q8EN/PtFQG5eLHASOMD37Ec4Tmrx0XqJw1g9CDr00WtHvpGxN7E4oRGCiT3A\nGUZv/QviE78MT7/3igsciUYjarsLv4J/L90QfpIbN+wW1pb+H0Xfj8n6CYX6fhXk\nmuXEvaaLwn9A2pE9YspWs3LPAigcf0Lu5vsOHJ82JpzHPo3TWpGIc9x9s6llCeLw\nAa9qTpWhDhbq87SFUh+FCld5zfNDmqs1D9c0oPm0mSzxBT5j7LsMFLA89i2GZcOM\nwlxOQXg9B3TKyxFSh8ah6BziqeNVTdIHTqUovcDuVxJCA0IDQf6wvrtjb7V/5c8T\nnmFENk28bABsHa0HAIjeLxGjGykXg9dMx48jZ6qrGpFpPZdkIfiATkA0o4bmRUdh\nm4vVZETnKIILozXCwvzvQrC5AM6hOY32gfRUsy3hAI5RznqH+m8vrc7bvXmYz3q3\nZY5fWDWlukv5AAABAAtxUmR9VYJlRo41w2CGj+0wyXf0kI6646GadPJzDn6hGTl1\nW7oBAzIXYganbm6XasLjnXa6r+V+2IQwrLlWcNnppKksQVh0Hca6clzzk/MC0Vpc\ncW4pUL0wHZWJfoqsL5QFEe69677g/6MYuXPxWn5X9rHf7gRA/ae1MD6IroVJJTm7\nz32t5peKMCPyqcNR8XGHkN0iuZNBkKS90piOMwzdpjyNrR9MRUNvnEOMqdZxPFxn\n2tlJfRZ1wwsaVFITRPnv1yDIKjjZrRmTeohAdkVWGryymDocZr5BG5hGAzm5v5dM\nlPMJ75qKuMh2CeUqqkQTZ56xPD8kp/rl2VjBrnUAAAEBAN7YDFi8awYunIztbHK1\nnG4QNNpHIvwAtPMisUB83m8KeV3y4Z1IQ3Cy2xjQ9wmE+Zs8HgsNNSLP38/gjBeY\nD0B7rrpn2kyplnM/xBsvvw1hy2dKfMHpimnbA5wRsKa5QG/Kmhzjr0PBY4+vp43I\nDVDZFlvT3U1GSxFrEAPIP4E1Tvif7Dmeee73owgorc3JLRB9mUpf7jU9/StYwULS\nyzUl/6N/Vuwzn3fnzB+xCP2wcPhnzExs5WnjJlEpjVaVmhQugMXjH8rto01ZvQYo\nWJoiMA+sYFHX2ZGu/Sa5NVZzOs+nduqAFrP5um9S58HWibYXUBTT2HS4KbcxCys+\nFEMAAAEBAMybmgziaD0aLxm6lBrwhJMNvLXJgJjz6jiIwUfLfw5+vCyF/Xi5+u7b\nWVuBCAFW3YhOh9ZyHAa+KG1+55PiB4UpVlnTis2fGYZET6noM2cJ04KwU/EABydJ\nyZ7WH3pO3MALwNxS7YRV84gOImZusK7pm8IfsUj8EJXESwvmeUHMjFd+3XXzBucS\nsHYdoPrsZx7OXu7jprEcGGD0PfNddddRguJY0VFZMPjXHiEF9FqvA20JcIkKVhm3\n8m3bKJVBnEZCV+Ne2W/J7Gaeb+bhfkzVuKhJiwp3b8lrtwdyi7HtYFT9SJax6siX\nWnznc+mEtTEShJYtj6y44xfrQW+eGdcAAAAAAQID\n-----END OPENSSH PRIVATE KEY-----\n",
            "content_base64": null,
            "directory_permission": "0777",
            "file_permission": "0777",
            "filename": "terraform_private_key.pem",
            "id": "a03eda37e1e91a7b3189b7a29a5e02b020332fd1",
            "sensitive_content": null,
            "source": null
          },
          "sensitive_attributes": [
            [
              {
                "type": "get_attr",
                "value": "content"
              }
            ]
          ],
          "private": "bnVsbA==",
          "dependencies": [
            "module.key-pair.tls_private_key.terraform_private_key"
          ]
        }
      ]
    },
    {
      "module": "module.key-pair",
      "mode": "managed",
      "type": "tls_private_key",
      "name": "terraform_private_key",
      "provider": "provider[\"registry.terraform.io/hashicorp/tls\"]",
      "instances": [
        {
          "schema_version": 0,
          "attributes": {
            "algorithm": "RSA",
            "ecdsa_curve": "P224",
            "id": "9fe65f2e99fdb8d59f25b68f5c07f6a4d0c8bed3",
            "private_key_openssh": "-----BEGIN OPENSSH PRIVATE KEY-----\nb3BlbnNzaC1rZXktdjEAAAAABG5vbmUAAAAEbm9uZQAAAAAAAAABAAACFwAAAAdz\nc2gtcnNhAAAAAwEAAQAAAgEAshucv16Cyxa5+ueB+pFBlJC/jbesYQuFqKOb66hd\n3F03f1xuitvgLVEwNuO5MkCqoYPdED2o6zFOn2WFmdf1ZAd+6kLpurEj/84Gyq0U\nNLu4Im8DHwUk8ePxTcgQUEdxoor0rTDJbC4UdiiOUQobfPcEicFoAnwMy+i3pvcr\nVHoLWv7/FPH2q3LNUMm0MgqMeGOzGXaApTx/LCBzWkxOfVRYMvK8VT4jJduDdj1o\n4SuzNDyJ6Ev+JBVXSNpyeATzNVrNUuGnjlkdUr+Zye03LxrIKatxWDXUhpHllwRO\n8uho+N5dEOccjzCXCqGEjzoPMzxxf3YY/lFDo5YKxQDz5o7b177p40hQnxcsZX1B\nbAxAinnTVeX7ZiizNpxVx6QAq4wprDPhUywXpecRgWc827RFQXaZZHMlf0I9xvGC\n3c7gbXAeIDpedRz8caCKvWBNTvY6Xp00d9OlXMwrLZEcs0Ekjgd5QfyvBRPwN1G0\nbwnmjChfWTZhBZWIWkWWvGWiOsDGjzE1rWju/zCZxXwhiSj5JjVqXOblJZDdwkum\nLq741xs/F+DAxy+pyP9W9pH/tOvRwovfGj4jWfxg9wYKfPZfzFa36q1dQ1+7b4/K\nBLZ0VrzqqihDCpOZbLP7t+MWfPLX6htogV07Q0rP3Q32DPS+AvXlemdNO6qItu93\nj0UAAAc4hLys/IS8rPwAAAAHc3NoLXJzYQAAAgEAshucv16Cyxa5+ueB+pFBlJC/\njbesYQuFqKOb66hd3F03f1xuitvgLVEwNuO5MkCqoYPdED2o6zFOn2WFmdf1ZAd+\n6kLpurEj/84Gyq0UNLu4Im8DHwUk8ePxTcgQUEdxoor0rTDJbC4UdiiOUQobfPcE\nicFoAnwMy+i3pvcrVHoLWv7/FPH2q3LNUMm0MgqMeGOzGXaApTx/LCBzWkxOfVRY\nMvK8VT4jJduDdj1o4SuzNDyJ6Ev+JBVXSNpyeATzNVrNUuGnjlkdUr+Zye03LxrI\nKatxWDXUhpHllwRO8uho+N5dEOccjzCXCqGEjzoPMzxxf3YY/lFDo5YKxQDz5o7b\n177p40hQnxcsZX1BbAxAinnTVeX7ZiizNpxVx6QAq4wprDPhUywXpecRgWc827RF\nQXaZZHMlf0I9xvGC3c7gbXAeIDpedRz8caCKvWBNTvY6Xp00d9OlXMwrLZEcs0Ek\njgd5QfyvBRPwN1G0bwnmjChfWTZhBZWIWkWWvGWiOsDGjzE1rWju/zCZxXwhiSj5\nJjVqXOblJZDdwkumLq741xs/F+DAxy+pyP9W9pH/tOvRwovfGj4jWfxg9wYKfPZf\nzFa36q1dQ1+7b4/KBLZ0VrzqqihDCpOZbLP7t+MWfPLX6htogV07Q0rP3Q32DPS+\nAvXlemdNO6qItu93j0UAAAADAQABAAACACW6B5fZsybFp5toEnY68oM/rfOc5lyg\nDi3Miih+v3MAI9NMhvXO4Ut4GRhnYEEuxXX08oyQIwm+pgLJhGU0A3yuwclpZwzu\nnMuAnpur0c3hvX09upGFi2/ZcrGhISOAHqfpey58WQ4bLKZirNKpq2zq/gEYAKoW\nELfYkZ5CWOFKAMHDpdCP+EoUxTzJnOvEpECUDcnk+hcGG4IDVavY4f9WMGCKXi5I\nPTW1q8EN/PtFQG5eLHASOMD37Ec4Tmrx0XqJw1g9CDr00WtHvpGxN7E4oRGCiT3A\nGUZv/QviE78MT7/3igsciUYjarsLv4J/L90QfpIbN+wW1pb+H0Xfj8n6CYX6fhXk\nmuXEvaaLwn9A2pE9YspWs3LPAigcf0Lu5vsOHJ82JpzHPo3TWpGIc9x9s6llCeLw\nAa9qTpWhDhbq87SFUh+FCld5zfNDmqs1D9c0oPm0mSzxBT5j7LsMFLA89i2GZcOM\nwlxOQXg9B3TKyxFSh8ah6BziqeNVTdIHTqUovcDuVxJCA0IDQf6wvrtjb7V/5c8T\nnmFENk28bABsHa0HAIjeLxGjGykXg9dMx48jZ6qrGpFpPZdkIfiATkA0o4bmRUdh\nm4vVZETnKIILozXCwvzvQrC5AM6hOY32gfRUsy3hAI5RznqH+m8vrc7bvXmYz3q3\nZY5fWDWlukv5AAABAAtxUmR9VYJlRo41w2CGj+0wyXf0kI6646GadPJzDn6hGTl1\nW7oBAzIXYganbm6XasLjnXa6r+V+2IQwrLlWcNnppKksQVh0Hca6clzzk/MC0Vpc\ncW4pUL0wHZWJfoqsL5QFEe69677g/6MYuXPxWn5X9rHf7gRA/ae1MD6IroVJJTm7\nz32t5peKMCPyqcNR8XGHkN0iuZNBkKS90piOMwzdpjyNrR9MRUNvnEOMqdZxPFxn\n2tlJfRZ1wwsaVFITRPnv1yDIKjjZrRmTeohAdkVWGryymDocZr5BG5hGAzm5v5dM\nlPMJ75qKuMh2CeUqqkQTZ56xPD8kp/rl2VjBrnUAAAEBAN7YDFi8awYunIztbHK1\nnG4QNNpHIvwAtPMisUB83m8KeV3y4Z1IQ3Cy2xjQ9wmE+Zs8HgsNNSLP38/gjBeY\nD0B7rrpn2kyplnM/xBsvvw1hy2dKfMHpimnbA5wRsKa5QG/Kmhzjr0PBY4+vp43I\nDVDZFlvT3U1GSxFrEAPIP4E1Tvif7Dmeee73owgorc3JLRB9mUpf7jU9/StYwULS\nyzUl/6N/Vuwzn3fnzB+xCP2wcPhnzExs5WnjJlEpjVaVmhQugMXjH8rto01ZvQYo\nWJoiMA+sYFHX2ZGu/Sa5NVZzOs+nduqAFrP5um9S58HWibYXUBTT2HS4KbcxCys+\nFEMAAAEBAMybmgziaD0aLxm6lBrwhJMNvLXJgJjz6jiIwUfLfw5+vCyF/Xi5+u7b\nWVuBCAFW3YhOh9ZyHAa+KG1+55PiB4UpVlnTis2fGYZET6noM2cJ04KwU/EABydJ\nyZ7WH3pO3MALwNxS7YRV84gOImZusK7pm8IfsUj8EJXESwvmeUHMjFd+3XXzBucS\nsHYdoPrsZx7OXu7jprEcGGD0PfNddddRguJY0VFZMPjXHiEF9FqvA20JcIkKVhm3\n8m3bKJVBnEZCV+Ne2W/J7Gaeb+bhfkzVuKhJiwp3b8lrtwdyi7HtYFT9SJax6siX\nWnznc+mEtTEShJYtj6y44xfrQW+eGdcAAAAAAQID\n-----END OPENSSH PRIVATE KEY-----\n",
            "private_key_pem": "-----BEGIN RSA PRIVATE KEY-----\nMIIJJwIBAAKCAgEAshucv16Cyxa5+ueB+pFBlJC/jbesYQuFqKOb66hd3F03f1xu\nitvgLVEwNuO5MkCqoYPdED2o6zFOn2WFmdf1ZAd+6kLpurEj/84Gyq0UNLu4Im8D\nHwUk8ePxTcgQUEdxoor0rTDJbC4UdiiOUQobfPcEicFoAnwMy+i3pvcrVHoLWv7/\nFPH2q3LNUMm0MgqMeGOzGXaApTx/LCBzWkxOfVRYMvK8VT4jJduDdj1o4SuzNDyJ\n6Ev+JBVXSNpyeATzNVrNUuGnjlkdUr+Zye03LxrIKatxWDXUhpHllwRO8uho+N5d\nEOccjzCXCqGEjzoPMzxxf3YY/lFDo5YKxQDz5o7b177p40hQnxcsZX1BbAxAinnT\nVeX7ZiizNpxVx6QAq4wprDPhUywXpecRgWc827RFQXaZZHMlf0I9xvGC3c7gbXAe\nIDpedRz8caCKvWBNTvY6Xp00d9OlXMwrLZEcs0Ekjgd5QfyvBRPwN1G0bwnmjChf\nWTZhBZWIWkWWvGWiOsDGjzE1rWju/zCZxXwhiSj5JjVqXOblJZDdwkumLq741xs/\nF+DAxy+pyP9W9pH/tOvRwovfGj4jWfxg9wYKfPZfzFa36q1dQ1+7b4/KBLZ0Vrzq\nqihDCpOZbLP7t+MWfPLX6htogV07Q0rP3Q32DPS+AvXlemdNO6qItu93j0UCAwEA\nAQKCAgAlugeX2bMmxaebaBJ2OvKDP63znOZcoA4tzIoofr9zACPTTIb1zuFLeBkY\nZ2BBLsV19PKMkCMJvqYCyYRlNAN8rsHJaWcM7pzLgJ6bq9HN4b19PbqRhYtv2XKx\noSEjgB6n6XsufFkOGyymYqzSqats6v4BGACqFhC32JGeQljhSgDBw6XQj/hKFMU8\nyZzrxKRAlA3J5PoXBhuCA1Wr2OH/VjBgil4uSD01tavBDfz7RUBuXixwEjjA9+xH\nOE5q8dF6icNYPQg69NFrR76RsTexOKERgok9wBlGb/0L4hO/DE+/94oLHIlGI2q7\nC7+Cfy/dEH6SGzfsFtaW/h9F34/J+gmF+n4V5JrlxL2mi8J/QNqRPWLKVrNyzwIo\nHH9C7ub7DhyfNiacxz6N01qRiHPcfbOpZQni8AGvak6VoQ4W6vO0hVIfhQpXec3z\nQ5qrNQ/XNKD5tJks8QU+Y+y7DBSwPPYthmXDjMJcTkF4PQd0yssRUofGoegc4qnj\nVU3SB06lKL3A7lcSQgNCA0H+sL67Y2+1f+XPE55hRDZNvGwAbB2tBwCI3i8Roxsp\nF4PXTMePI2eqqxqRaT2XZCH4gE5ANKOG5kVHYZuL1WRE5yiCC6M1wsL870KwuQDO\noTmN9oH0VLMt4QCOUc56h/pvL63O2715mM96t2WOX1g1pbpL+QKCAQEA3tgMWLxr\nBi6cjO1scrWcbhA02kci/AC08yKxQHzebwp5XfLhnUhDcLLbGND3CYT5mzweCw01\nIs/fz+CMF5gPQHuuumfaTKmWcz/EGy+/DWHLZ0p8wemKadsDnBGwprlAb8qaHOOv\nQ8Fjj6+njcgNUNkWW9PdTUZLEWsQA8g/gTVO+J/sOZ557vejCCitzcktEH2ZSl/u\nNT39K1jBQtLLNSX/o39W7DOfd+fMH7EI/bBw+GfMTGzlaeMmUSmNVpWaFC6AxeMf\nyu2jTVm9BihYmiIwD6xgUdfZka79Jrk1VnM6z6d26oAWs/m6b1LnwdaJthdQFNPY\ndLgptzELKz4UQwKCAQEAzJuaDOJoPRovGbqUGvCEkw28tcmAmPPqOIjBR8t/Dn68\nLIX9eLn67ttZW4EIAVbdiE6H1nIcBr4obX7nk+IHhSlWWdOKzZ8ZhkRPqegzZwnT\ngrBT8QAHJ0nJntYfek7cwAvA3FLthFXziA4iZm6wrumbwh+xSPwQlcRLC+Z5QcyM\nV37ddfMG5xKwdh2g+uxnHs5e7uOmsRwYYPQ9811111GC4ljRUVkw+NceIQX0Wq8D\nbQlwiQpWGbfybdsolUGcRkJX417Zb8nsZp5v5uF+TNW4qEmLCndvyWu3B3KLse1g\nVP1IlrHqyJdafOdz6YS1MRKEli2PrLjjF+tBb54Z1wKCAQAi8rMM/4+xSoIWv+1w\nF/dOc5A2Y02jQ+Ec+GXf/TVNKNFb4IlthzW8aPBfdfYoMgiLReRYS1v3963cBhUy\nZhCORldiuILN3xLPRELXGKfXy2yA6HekWaHxc/2e7k9L9mWaoqWEvlhwQdYBZMTc\nQXGFKmaNRC7CvbFsK+Q5E6CR/PBDoaEEcEwjJAcXcnm/ejttCKWPune7NduMfsDg\nX/qqfSkYVRImvPnXbizfE36bep5c9rpdif54mr0ZoXCfEZs2awya/EGyK46exOIW\nIyGyGoZ7DseUTku6wzzEY+tvgWbJxjOqFyh4VUPdzZy3E5RJUGKowYiC1ZcFOdXM\nlFHNAoIBAENIW9Um0p5dMOXmC/P76ayt1MN2uroRY5Epr11blrF+jYSanyqHBfRr\n3yuO98Hw/bJoGJU1OvAgsgynsaFYr55jZIjvXnKVggA8EHJP8C9O9OXB9CiJGNEb\nm5iG0x0WN9NTSh1pi797wDSaaUeD2Mf7/ANPBq54bT/Cp+cG6BLyH6haCJtTyo5M\nAAknXxuEh7iCpocqB1OwaHfheUnBDxI6NK8YA+UbTlZV7wtu+NalPJwrgX0fEAcv\nDSKA8gx64dfc0yfqtdfj78AjE6s5tZ2wniOA458SfYkfybVCPpvI8megTrF3WjyS\nQOhX+C7vO+IiM8VqwBdNSShBbWg19ksCggEAC3FSZH1VgmVGjjXDYIaP7TDJd/SQ\njrrjoZp08nMOfqEZOXVbugEDMhdiBqdubpdqwuOddrqv5X7YhDCsuVZw2emkqSxB\nWHQdxrpyXPOT8wLRWlxxbilQvTAdlYl+iqwvlAUR7r3rvuD/oxi5c/Faflf2sd/u\nBED9p7UwPoiuhUklObvPfa3ml4owI/Kpw1HxcYeQ3SK5k0GQpL3SmI4zDN2mPI2t\nH0xFQ2+cQ4yp1nE8XGfa2Ul9FnXDCxpUUhNE+e/XIMgqONmtGZN6iEB2RVYavLKY\nOhxmvkEbmEYDObm/l0yU8wnvmoq4yHYJ5SqqRBNnnrE8PySn+uXZWMGudQ==\n-----END RSA PRIVATE KEY-----\n",
            "public_key_fingerprint_md5": "e7:b0:d1:af:55:16:81:92:cd:f0:64:74:a9:b0:79:bc",
            "public_key_fingerprint_sha256": "SHA256:yv8bjl/dGRN2GcJv5TDPvSKCOImCzYztlv0AUUcojAQ",
            "public_key_openssh": "ssh-rsa AAAAB3NzaC1yc2EAAAADAQABAAACAQCyG5y/XoLLFrn654H6kUGUkL+Nt6xhC4Woo5vrqF3cXTd/XG6K2+AtUTA247kyQKqhg90QPajrMU6fZYWZ1/VkB37qQum6sSP/zgbKrRQ0u7gibwMfBSTx4/FNyBBQR3GiivStMMlsLhR2KI5RCht89wSJwWgCfAzL6Lem9ytUegta/v8U8farcs1QybQyCox4Y7MZdoClPH8sIHNaTE59VFgy8rxVPiMl24N2PWjhK7M0PInoS/4kFVdI2nJ4BPM1Ws1S4aeOWR1Sv5nJ7TcvGsgpq3FYNdSGkeWXBE7y6Gj43l0Q5xyPMJcKoYSPOg8zPHF/dhj+UUOjlgrFAPPmjtvXvunjSFCfFyxlfUFsDECKedNV5ftmKLM2nFXHpACrjCmsM+FTLBel5xGBZzzbtEVBdplkcyV/Qj3G8YLdzuBtcB4gOl51HPxxoIq9YE1O9jpenTR306VczCstkRyzQSSOB3lB/K8FE/A3UbRvCeaMKF9ZNmEFlYhaRZa8ZaI6wMaPMTWtaO7/MJnFfCGJKPkmNWpc5uUlkN3CS6YurvjXGz8X4MDHL6nI/1b2kf+069HCi98aPiNZ/GD3Bgp89l/MVrfqrV1DX7tvj8oEtnRWvOqqKEMKk5lss/u34xZ88tfqG2iBXTtDSs/dDfYM9L4C9eV6Z007qoi273ePRQ==\n",
            "public_key_pem": "-----BEGIN PUBLIC KEY-----\nMIICIjANBgkqhkiG9w0BAQEFAAOCAg8AMIICCgKCAgEAshucv16Cyxa5+ueB+pFB\nlJC/jbesYQuFqKOb66hd3F03f1xuitvgLVEwNuO5MkCqoYPdED2o6zFOn2WFmdf1\nZAd+6kLpurEj/84Gyq0UNLu4Im8DHwUk8ePxTcgQUEdxoor0rTDJbC4UdiiOUQob\nfPcEicFoAnwMy+i3pvcrVHoLWv7/FPH2q3LNUMm0MgqMeGOzGXaApTx/LCBzWkxO\nfVRYMvK8VT4jJduDdj1o4SuzNDyJ6Ev+JBVXSNpyeATzNVrNUuGnjlkdUr+Zye03\nLxrIKatxWDXUhpHllwRO8uho+N5dEOccjzCXCqGEjzoPMzxxf3YY/lFDo5YKxQDz\n5o7b177p40hQnxcsZX1BbAxAinnTVeX7ZiizNpxVx6QAq4wprDPhUywXpecRgWc8\n27RFQXaZZHMlf0I9xvGC3c7gbXAeIDpedRz8caCKvWBNTvY6Xp00d9OlXMwrLZEc\ns0Ekjgd5QfyvBRPwN1G0bwnmjChfWTZhBZWIWkWWvGWiOsDGjzE1rWju/zCZxXwh\niSj5JjVqXOblJZDdwkumLq741xs/F+DAxy+pyP9W9pH/tOvRwovfGj4jWfxg9wYK\nfPZfzFa36q1dQ1+7b4/KBLZ0VrzqqihDCpOZbLP7t+MWfPLX6htogV07Q0rP3Q32\nDPS+AvXlemdNO6qItu93j0UCAwEAAQ==\n-----END PUBLIC KEY-----\n",
            "rsa_bits": 4096
          },
          "sensitive_attributes": [],
          "private": "bnVsbA=="
        }
      ]
    },
    {
      "module": "module.lambda",
      "mode": "data",
      "type": "archive_file",
      "name": "lambda_test_function2_archive",
      "provider": "provider[\"registry.terraform.io/hashicorp/archive\"]",
      "instances": [
        {
          "schema_version": 0,
          "attributes": {
            "excludes": null,
            "id": "5a9b90c2cb06d0a45824918d38781422c1be45da",
            "output_base64sha256": "nCKyvCJpAgL1aMGcT6p2mJCwGIl1AE5JYFXfWimT2tM=",
            "output_file_mode": null,
            "output_md5": "3c4d5e5d9c0f5f3feb14101d2f53221e",
            "output_path": "modules/lambda/lambda_test_function2.zip",
            "output_sha": "5a9b90c2cb06d0a45824918d38781422c1be45da",
            "output_size": 958,
            "source": [],
            "source_content": null,
            "source_content_filename": null,
            "source_dir": null,
            "source_file": "modules/lambda/python/lambda_function2.py",
            "type": "zip"
          },
          "sensitive_attributes": []
        }
      ]
    },
    {
      "module": "module.lambda",
      "mode": "data",
      "type": "archive_file",
      "name": "lambda_test_function_archive",
      "provider": "provider[\"registry.terraform.io/hashicorp/archive\"]",
      "instances": [
        {
          "schema_version": 0,
          "attributes": {
            "excludes": null,
            "id": "2d478d41da51cb5b19adca7d646a2cc9cb45377f",
            "output_base64sha256": "zLz0tLLyaozudXP6Ew5rmkkFGYH7q1lEq9uKR4y9v4s=",
            "output_file_mode": null,
            "output_md5": "64fd0c6121fe2bfd4b1f5479137bbb97",
            "output_path": "modules/lambda/lambda_test_function.zip",
            "output_sha": "2d478d41da51cb5b19adca7d646a2cc9cb45377f",
            "output_size": 742,
            "source": [],
            "source_content": null,
            "source_content_filename": null,
            "source_dir": null,
            "source_file": "modules/lambda/python/lambda_function.py",
            "type": "zip"
          },
          "sensitive_attributes": []
        }
      ]
    },
    {
      "module": "module.lambda",
      "mode": "data",
      "type": "aws_s3_bucket",
      "name": "my_test_bucket",
      "provider": "provider[\"registry.terraform.io/hashicorp/aws\"]",
      "instances": [
        {
          "schema_version": 0,
          "attributes": {
            "arn": "arn:aws:s3:::my-terra-test-landing-1",
            "bucket": "my-terra-test-landing-1",
            "bucket_domain_name": "my-terra-test-landing-1.s3.amazonaws.com",
            "bucket_regional_domain_name": "my-terra-test-landing-1.s3.ap-south-1.amazonaws.com",
            "hosted_zone_id": "Z11RGJOFQNVJUP",
            "id": "my-terra-test-landing-1",
            "region": "ap-south-1",
            "website_domain": null,
            "website_endpoint": null
          },
          "sensitive_attributes": []
        }
      ]
    },
    {
      "module": "module.lambda",
      "mode": "managed",
      "type": "aws_lambda_function",
      "name": "lambda_test_function",
      "provider": "provider[\"registry.terraform.io/hashicorp/aws\"]",
      "instances": [
        {
          "schema_version": 0,
          "attributes": {
            "architectures": [
              "x86_64"
            ],
            "arn": "arn:aws:lambda:ap-south-1:005732580420:function:lambda_test_function",
            "code_signing_config_arn": "",
            "dead_letter_config": [],
            "description": "",
            "environment": [],
            "ephemeral_storage": [
              {
                "size": 512
              }
            ],
            "file_system_config": [],
            "filename": "modules/lambda/lambda_test_function.zip",
            "function_name": "lambda_test_function",
            "handler": "lambda_function.lambda_handler",
            "id": "lambda_test_function",
            "image_config": [],
            "image_uri": "",
            "invoke_arn": "arn:aws:apigateway:ap-south-1:lambda:path/2015-03-31/functions/arn:aws:lambda:ap-south-1:005732580420:function:lambda_test_function/invocations",
            "kms_key_arn": "",
            "last_modified": "2022-05-22T09:11:42.490+0000",
            "layers": null,
            "memory_size": 128,
            "package_type": "Zip",
            "publish": false,
            "qualified_arn": "arn:aws:lambda:ap-south-1:005732580420:function:lambda_test_function:$LATEST",
            "reserved_concurrent_executions": -1,
            "role": "arn:aws:iam::005732580420:role/my_terra_lambda_role",
            "runtime": "python3.8",
            "s3_bucket": null,
            "s3_key": null,
            "s3_object_version": null,
            "signing_job_arn": "",
            "signing_profile_version_arn": "",
            "source_code_hash": "zLz0tLLyaozudXP6Ew5rmkkFGYH7q1lEq9uKR4y9v4s=",
            "source_code_size": 742,
            "tags": null,
            "tags_all": {},
            "timeout": 3,
            "timeouts": null,
            "tracing_config": [
              {
                "mode": "PassThrough"
              }
            ],
            "version": "$LATEST",
            "vpc_config": []
          },
          "sensitive_attributes": [],
          "private": "eyJlMmJmYjczMC1lY2FhLTExZTYtOGY4OC0zNDM2M2JjN2M0YzAiOnsiY3JlYXRlIjo2MDAwMDAwMDAwMDB9fQ==",
          "dependencies": [
            "module.iam.aws_iam_role.lambda_test_role"
          ]
        }
      ]
    },
    {
      "module": "module.lambda",
      "mode": "managed",
      "type": "aws_lambda_function",
      "name": "lambda_test_function2",
      "provider": "provider[\"registry.terraform.io/hashicorp/aws\"]",
      "instances": [
        {
          "schema_version": 0,
          "attributes": {
            "architectures": [
              "x86_64"
            ],
            "arn": "arn:aws:lambda:ap-south-1:005732580420:function:lambda_test_function2",
            "code_signing_config_arn": "",
            "dead_letter_config": [],
            "description": "",
            "environment": [],
            "ephemeral_storage": [
              {
                "size": 512
              }
            ],
            "file_system_config": [],
            "filename": "modules/lambda/lambda_test_function2.zip",
            "function_name": "lambda_test_function2",
            "handler": "lambda_function2.lambda_handler2",
            "id": "lambda_test_function2",
            "image_config": [],
            "image_uri": "",
            "invoke_arn": "arn:aws:apigateway:ap-south-1:lambda:path/2015-03-31/functions/arn:aws:lambda:ap-south-1:005732580420:function:lambda_test_function2/invocations",
            "kms_key_arn": "",
            "last_modified": "2022-05-22T09:11:36.904+0000",
            "layers": null,
            "memory_size": 128,
            "package_type": "Zip",
            "publish": false,
            "qualified_arn": "arn:aws:lambda:ap-south-1:005732580420:function:lambda_test_function2:$LATEST",
            "reserved_concurrent_executions": -1,
            "role": "arn:aws:iam::005732580420:role/my_terra_lambda_role",
            "runtime": "python3.8",
            "s3_bucket": null,
            "s3_key": null,
            "s3_object_version": null,
            "signing_job_arn": "",
            "signing_profile_version_arn": "",
            "source_code_hash": "nCKyvCJpAgL1aMGcT6p2mJCwGIl1AE5JYFXfWimT2tM=",
            "source_code_size": 958,
            "tags": null,
            "tags_all": {},
            "timeout": 3,
            "timeouts": null,
            "tracing_config": [
              {
                "mode": "PassThrough"
              }
            ],
            "version": "$LATEST",
            "vpc_config": []
          },
          "sensitive_attributes": [],
          "private": "eyJlMmJmYjczMC1lY2FhLTExZTYtOGY4OC0zNDM2M2JjN2M0YzAiOnsiY3JlYXRlIjo2MDAwMDAwMDAwMDB9fQ==",
          "dependencies": [
            "module.iam.aws_iam_role.lambda_test_role"
          ]
        }
      ]
    },
    {
      "module": "module.lambda",
      "mode": "managed",
      "type": "aws_lambda_permission",
      "name": "lambda_test_function_permission",
      "provider": "provider[\"registry.terraform.io/hashicorp/aws\"]",
      "instances": [
        {
          "schema_version": 0,
          "attributes": {
            "action": "lambda:InvokeFunction",
            "event_source_token": null,
            "function_name": "lambda_test_function",
            "function_url_auth_type": null,
            "id": "terraform-20220522091147671100000005",
            "principal": "s3.amazonaws.com",
            "principal_org_id": null,
            "qualifier": "",
            "source_account": null,
            "source_arn": "arn:aws:s3:::my-terra-test-landing-1",
            "statement_id": "terraform-20220522091147671100000005",
            "statement_id_prefix": "terraform-"
          },
          "sensitive_attributes": [],
          "private": "bnVsbA==",
          "dependencies": [
            "module.iam.aws_iam_role.lambda_test_role",
            "module.lambda.aws_lambda_function.lambda_test_function",
            "module.lambda.data.aws_s3_bucket.my_test_bucket",
            "module.s3.aws_s3_bucket.my_terra_test_landing"
          ]
        }
      ]
    },
    {
      "module": "module.lambda",
      "mode": "managed",
      "type": "aws_lambda_permission",
      "name": "lambda_test_function_permission2",
      "provider": "provider[\"registry.terraform.io/hashicorp/aws\"]",
      "instances": [
        {
          "schema_version": 0,
          "attributes": {
            "action": "lambda:InvokeFunction",
            "event_source_token": null,
            "function_name": "lambda_test_function2",
            "function_url_auth_type": null,
            "id": "terraform-20220522091142363100000004",
            "principal": "s3.amazonaws.com",
            "principal_org_id": null,
            "qualifier": "",
            "source_account": null,
            "source_arn": "arn:aws:s3:::my-terra-test-landing-1",
            "statement_id": "terraform-20220522091142363100000004",
            "statement_id_prefix": "terraform-"
          },
          "sensitive_attributes": [],
          "private": "bnVsbA==",
          "dependencies": [
            "module.iam.aws_iam_role.lambda_test_role",
            "module.lambda.aws_lambda_function.lambda_test_function2",
            "module.lambda.data.aws_s3_bucket.my_test_bucket",
            "module.s3.aws_s3_bucket.my_terra_test_landing"
          ]
        }
      ]
    },
    {
      "module": "module.lambda",
      "mode": "managed",
      "type": "aws_s3_bucket_notification",
      "name": "lambda_test_funtion_trigger",
      "provider": "provider[\"registry.terraform.io/hashicorp/aws\"]",
      "instances": [
        {
          "schema_version": 0,
          "attributes": {
            "bucket": "my-terra-test-landing-1",
            "eventbridge": false,
            "id": "my-terra-test-landing-1",
            "lambda_function": [
              {
                "events": [
                  "s3:ObjectCreated:*"
                ],
                "filter_prefix": "test_text_files/",
                "filter_suffix": ".trigger",
                "id": "tf-s3-lambda-20220522091147770800000006",
                "lambda_function_arn": "arn:aws:lambda:ap-south-1:005732580420:function:lambda_test_function"
              },
              {
                "events": [
                  "s3:ObjectCreated:*"
                ],
                "filter_prefix": "md5_result/",
                "filter_suffix": "md5_file.dat",
                "id": "tf-s3-lambda-20220522091147770800000007",
                "lambda_function_arn": "arn:aws:lambda:ap-south-1:005732580420:function:lambda_test_function2"
              }
            ],
            "queue": [],
            "topic": []
          },
          "sensitive_attributes": [],
          "private": "bnVsbA==",
          "dependencies": [
            "module.iam.aws_iam_role.lambda_test_role",
            "module.lambda.aws_lambda_function.lambda_test_function",
            "module.lambda.aws_lambda_function.lambda_test_function2",
            "module.lambda.aws_lambda_permission.lambda_test_function_permission",
            "module.lambda.aws_lambda_permission.lambda_test_function_permission2",
            "module.lambda.data.aws_s3_bucket.my_test_bucket",
            "module.s3.aws_s3_bucket.my_terra_test_landing"
          ]
        }
      ]
    },
    {
      "module": "module.s3",
      "mode": "managed",
      "type": "aws_s3_bucket",
      "name": "my_terra_test_landing",
      "provider": "provider[\"registry.terraform.io/hashicorp/aws\"]",
      "instances": [
        {
          "schema_version": 0,
          "attributes": {
            "acceleration_status": "",
            "acl": null,
            "arn": "arn:aws:s3:::my-terra-test-landing-1",
            "bucket": "my-terra-test-landing-1",
            "bucket_domain_name": "my-terra-test-landing-1.s3.amazonaws.com",
            "bucket_prefix": null,
            "bucket_regional_domain_name": "my-terra-test-landing-1.s3.ap-south-1.amazonaws.com",
            "cors_rule": [],
            "force_destroy": true,
            "grant": [
              {
                "id": "8aaaafa8aa8d3c7873d74b92a9035bc2d81873db6fdb005bb3b8164756ffc1c8",
                "permissions": [
                  "FULL_CONTROL"
                ],
                "type": "CanonicalUser",
                "uri": ""
              }
            ],
            "hosted_zone_id": "Z11RGJOFQNVJUP",
            "id": "my-terra-test-landing-1",
            "lifecycle_rule": [],
            "logging": [],
            "object_lock_configuration": [],
            "object_lock_enabled": false,
            "policy": "",
            "region": "ap-south-1",
            "replication_configuration": [],
            "request_payer": "BucketOwner",
            "server_side_encryption_configuration": [],
            "tags": {
              "Description": "Bucket Created with Terraform for test",
              "Name": "My_Terra_Test_Landing"
            },
            "tags_all": {
              "Description": "Bucket Created with Terraform for test",
              "Name": "My_Terra_Test_Landing"
            },
            "versioning": [
              {
                "enabled": false,
                "mfa_delete": false
              }
            ],
            "website": [],
            "website_domain": null,
            "website_endpoint": null
          },
          "sensitive_attributes": [],
          "private": "bnVsbA=="
        }
      ]
    },
    {
      "module": "module.s3",
      "mode": "managed",
      "type": "aws_s3_bucket_acl",
      "name": "my_terra_test_landing_acl",
      "provider": "provider[\"registry.terraform.io/hashicorp/aws\"]",
      "instances": [
        {
          "schema_version": 0,
          "attributes": {
            "access_control_policy": [
              {
                "grant": [
                  {
                    "grantee": [
                      {
                        "display_name": "",
                        "email_address": "",
                        "id": "8aaaafa8aa8d3c7873d74b92a9035bc2d81873db6fdb005bb3b8164756ffc1c8",
                        "type": "CanonicalUser",
                        "uri": ""
                      }
                    ],
                    "permission": "FULL_CONTROL"
                  }
                ],
                "owner": [
                  {
                    "display_name": "",
                    "id": "8aaaafa8aa8d3c7873d74b92a9035bc2d81873db6fdb005bb3b8164756ffc1c8"
                  }
                ]
              }
            ],
            "acl": "private",
            "bucket": "my-terra-test-landing-1",
            "expected_bucket_owner": "",
            "id": "my-terra-test-landing-1,private"
          },
          "sensitive_attributes": [],
          "private": "bnVsbA==",
          "dependencies": [
            "module.s3.aws_s3_bucket.my_terra_test_landing"
          ]
        }
      ]
    }
  ]
}
